github.com/BooleanCat/go-functional v1.1.0 h1:ZU8ejc2u/71I5LZbI5qiJI75Ttw1FueLNmoccPt8nDI=
github.com/BooleanCat/go-functional v1.1.0/go.mod h1:Zd1xLrGFohrDdjojLUCrzSex40yf/PVP2KB86ha9Qqg=
golang.org/x/exp v0.0.0-20240531132922-fd00a4e0eefc h1:O9NuF4s+E/PvMIy+9IUZB9znFwUIXEWSstNjek6VpVg=
golang.org/x/exp v0.0.0-20240531132922-fd00a4e0eefc/go.mod h1:XtvwrStGgqGPLc4cjQfWqZHG1YFdYs6swckp8vpsjnc=
